
Microsoft Visual Studio Solution File, Format Version 12.00
# Visual Studio Version 17
VisualStudioVersion = 17.8.34330.188
MinimumVisualStudioVersion = 10.0.40219.1
Project("{9A19103F-16F7-4668-BE54-9A1E7A4F7556}") = "CheckPermissions", "CheckPermissions.csproj", "{69955BB6-91DA-4188-9240-8367A81A98DD}"
EndProject
Project("{9A19103F-16F7-4668-BE54-9A1E7A4F7556}") = "CheckPermissions.DataAccessLayer", "..\CheckPermissions.DataAccessLayer\CheckPermissions.DataAccessLayer.csproj", "{CC50A427-89C7-479C-948A-6FAC16F56637}"
EndProject
Project("{9A19103F-16F7-4668-BE54-9A1E7A4F7556}") = "CheckPermissions.BusinessLayer", "..\CheckPermissions.BusinessLayer\CheckPermissions.BusinessLayer.csproj", "{DA2AFF4F-D03E-489C-97D9-5962D7CD623D}"
EndProject
Project("{9A19103F-16F7-4668-BE54-9A1E7A4F7556}") = "CheckPermissions.DataModel", "..\CheckPermissions.DataModel\CheckPermissions.DataModel.csproj", "{6B263306-3B90-4BC5-A333-4BDE5302B8C1}"
EndProject
Project("{FAE04EC0-301F-11D3-BF4B-00C04F79EFBC}") = "CheckPermissions.AuthGuard", "..\CheckPermissions.AuthGuard\CheckPermissions.AuthGuard.csproj", "{15CEAD77-ADE9-4151-B6A6-57623AC984F4}"
EndProject
Global
	GlobalSection(SolutionConfigurationPlatforms) = preSolution
		Debug|Any CPU = Debug|Any CPU
		Release|Any CPU = Release|Any CPU
	EndGlobalSection
	GlobalSection(ProjectConfigurationPlatforms) = postSolution
		{69955BB6-91DA-4188-9240-8367A81A98DD}.Debug|Any CPU.ActiveCfg = Debug|Any CPU
		{69955BB6-91DA-4188-9240-8367A81A98DD}.Debug|Any CPU.Build.0 = Debug|Any CPU
		{69955BB6-91DA-4188-9240-8367A81A98DD}.Release|Any CPU.ActiveCfg = Release|Any CPU
		{69955BB6-91DA-4188-9240-8367A81A98DD}.Release|Any CPU.Build.0 = Release|Any CPU
		{CC50A427-89C7-479C-948A-6FAC16F56637}.Debug|Any CPU.ActiveCfg = Debug|Any CPU
		{CC50A427-89C7-479C-948A-6FAC16F56637}.Debug|Any CPU.Build.0 = Debug|Any CPU
		{CC50A427-89C7-479C-948A-6FAC16F56637}.Release|Any CPU.ActiveCfg = Release|Any CPU
		{CC50A427-89C7-479C-948A-6FAC16F56637}.Release|Any CPU.Build.0 = Release|Any CPU
		{DA2AFF4F-D03E-489C-97D9-5962D7CD623D}.Debug|Any CPU.ActiveCfg = Debug|Any CPU
		{DA2AFF4F-D03E-489C-97D9-5962D7CD623D}.Debug|Any CPU.Build.0 = Debug|Any CPU
		{DA2AFF4F-D03E-489C-97D9-5962D7CD623D}.Release|Any CPU.ActiveCfg = Release|Any CPU
		{DA2AFF4F-D03E-489C-97D9-5962D7CD623D}.Release|Any CPU.Build.0 = Release|Any CPU
		{6B263306-3B90-4BC5-A333-4BDE5302B8C1}.Debug|Any CPU.ActiveCfg = Debug|Any CPU
		{6B263306-3B90-4BC5-A333-4BDE5302B8C1}.Debug|Any CPU.Build.0 = Debug|Any CPU
		{6B263306-3B90-4BC5-A333-4BDE5302B8C1}.Release|Any CPU.ActiveCfg = Release|Any CPU
		{6B263306-3B90-4BC5-A333-4BDE5302B8C1}.Release|Any CPU.Build.0 = Release|Any CPU
		{15CEAD77-ADE9-4151-B6A6-57623AC984F4}.Debug|Any CPU.ActiveCfg = Debug|Any CPU
		{15CEAD77-ADE9-4151-B6A6-57623AC984F4}.Debug|Any CPU.Build.0 = Debug|Any CPU
		{15CEAD77-ADE9-4151-B6A6-57623AC984F4}.Release|Any CPU.ActiveCfg = Release|Any CPU
		{15CEAD77-ADE9-4151-B6A6-57623AC984F4}.Release|Any CPU.Build.0 = Release|Any CPU
	EndGlobalSection
	GlobalSection(SolutionProperties) = preSolution
		HideSolutionNode = FALSE
	EndGlobalSection
	GlobalSection(ExtensibilityGlobals) = postSolution
		SolutionGuid = {EA3050F5-D858-4245-9C89-309E461A8B46}
	EndGlobalSection
EndGlobal
